
Microsoft Visual Studio Solution File, Format Version 12.00
# Visual Studio Version 16
VisualStudioVersion = 16.0.29728.190
MinimumVisualStudioVersion = 10.0.40219.1
Project("{9A19103F-16F7-4668-BE54-9A1E7A4F7556}") = "Shop.DAL", "Shop.DAL\Shop.DAL.csproj", "{84C1B185-AF88-40A3-B39E-2428AD9A7CA9}"
EndProject
Project("{9A19103F-16F7-4668-BE54-9A1E7A4F7556}") = "Shop.Domain", "Shop.Domain\Shop.Domain.csproj", "{533630C6-7BBB-4117-95E2-36BF747B0507}"
EndProject
Project("{9A19103F-16F7-4668-BE54-9A1E7A4F7556}") = "Shop.Web", "Shop.Web\Shop.Web.csproj", "{89A963B3-2E6C-4A8D-9D66-8B5F5F81489B}"
	ProjectSection(ProjectDependencies) = postProject
		{84C1B185-AF88-40A3-B39E-2428AD9A7CA9} = {84C1B185-AF88-40A3-B39E-2428AD9A7CA9}
		{533630C6-7BBB-4117-95E2-36BF747B0507} = {533630C6-7BBB-4117-95E2-36BF747B0507}
	EndProjectSection
EndProject
Global
	GlobalSection(SolutionConfigurationPlatforms) = preSolution
		Debug|Any CPU = Debug|Any CPU
		Release|Any CPU = Release|Any CPU
	EndGlobalSection
	GlobalSection(ProjectConfigurationPlatforms) = postSolution
		{84C1B185-AF88-40A3-B39E-2428AD9A7CA9}.Debug|Any CPU.ActiveCfg = Debug|Any CPU
		{84C1B185-AF88-40A3-B39E-2428AD9A7CA9}.Debug|Any CPU.Build.0 = Debug|Any CPU
		{84C1B185-AF88-40A3-B39E-2428AD9A7CA9}.Release|Any CPU.ActiveCfg = Release|Any CPU
		{84C1B185-AF88-40A3-B39E-2428AD9A7CA9}.Release|Any CPU.Build.0 = Release|Any CPU
		{533630C6-7BBB-4117-95E2-36BF747B0507}.Debug|Any CPU.ActiveCfg = Debug|Any CPU
		{533630C6-7BBB-4117-95E2-36BF747B0507}.Debug|Any CPU.Build.0 = Debug|Any CPU
		{533630C6-7BBB-4117-95E2-36BF747B0507}.Release|Any CPU.ActiveCfg = Release|Any CPU
		{533630C6-7BBB-4117-95E2-36BF747B0507}.Release|Any CPU.Build.0 = Release|Any CPU
		{89A963B3-2E6C-4A8D-9D66-8B5F5F81489B}.Debug|Any CPU.ActiveCfg = Debug|Any CPU
		{89A963B3-2E6C-4A8D-9D66-8B5F5F81489B}.Debug|Any CPU.Build.0 = Debug|Any CPU
		{89A963B3-2E6C-4A8D-9D66-8B5F5F81489B}.Release|Any CPU.ActiveCfg = Release|Any CPU
		{89A963B3-2E6C-4A8D-9D66-8B5F5F81489B}.Release|Any CPU.Build.0 = Release|Any CPU
	EndGlobalSection
	GlobalSection(SolutionProperties) = preSolution
		HideSolutionNode = FALSE
	EndGlobalSection
	GlobalSection(ExtensibilityGlobals) = postSolution
		SolutionGuid = {1340E18C-1788-4627-AD6D-B2B5B952D97E}
	EndGlobalSection
EndGlobal
